
Microsoft Visual Studio Solution File, Format Version 12.00
# Visual Studio 14
VisualStudioVersion = 14.0.25420.1
MinimumVisualStudioVersion = 10.0.40219.1
Project("{FAE04EC0-301F-11D3-BF4B-00C04F79EFBC}") = "SportsStore.Domain", "SportsStore.Domain\SportsStore.Domain.csproj", "{A4947916-C02E-4B1B-A056-6EAD62B96443}"
EndProject
Project("{FAE04EC0-301F-11D3-BF4B-00C04F79EFBC}") = "SportsStore.WebUI", "SportsStore.WebUI\SportsStore.WebUI.csproj", "{AC12DDC8-235D-41AC-8987-D24B31F8A422}"
EndProject
Project("{FAE04EC0-301F-11D3-BF4B-00C04F79EFBC}") = "SportsStore.UnitTests", "SportsStore.UnitTests\SportsStore.UnitTests.csproj", "{D0C6FABE-43E8-48B7-AFC5-F06C8F8EA01F}"
EndProject
Global
	GlobalSection(SolutionConfigurationPlatforms) = preSolution
		Debug|Any CPU = Debug|Any CPU
		Release|Any CPU = Release|Any CPU
	EndGlobalSection
	GlobalSection(ProjectConfigurationPlatforms) = postSolution
		{A4947916-C02E-4B1B-A056-6EAD62B96443}.Debug|Any CPU.ActiveCfg = Debug|Any CPU
		{A4947916-C02E-4B1B-A056-6EAD62B96443}.Debug|Any CPU.Build.0 = Debug|Any CPU
		{A4947916-C02E-4B1B-A056-6EAD62B96443}.Release|Any CPU.ActiveCfg = Release|Any CPU
		{A4947916-C02E-4B1B-A056-6EAD62B96443}.Release|Any CPU.Build.0 = Release|Any CPU
		{AC12DDC8-235D-41AC-8987-D24B31F8A422}.Debug|Any CPU.ActiveCfg = Debug|Any CPU
		{AC12DDC8-235D-41AC-8987-D24B31F8A422}.Debug|Any CPU.Build.0 = Debug|Any CPU
		{AC12DDC8-235D-41AC-8987-D24B31F8A422}.Release|Any CPU.ActiveCfg = Release|Any CPU
		{AC12DDC8-235D-41AC-8987-D24B31F8A422}.Release|Any CPU.Build.0 = Release|Any CPU
		{D0C6FABE-43E8-48B7-AFC5-F06C8F8EA01F}.Debug|Any CPU.ActiveCfg = Debug|Any CPU
		{D0C6FABE-43E8-48B7-AFC5-F06C8F8EA01F}.Debug|Any CPU.Build.0 = Debug|Any CPU
		{D0C6FABE-43E8-48B7-AFC5-F06C8F8EA01F}.Release|Any CPU.ActiveCfg = Release|Any CPU
		{D0C6FABE-43E8-48B7-AFC5-F06C8F8EA01F}.Release|Any CPU.Build.0 = Release|Any CPU
	EndGlobalSection
	GlobalSection(SolutionProperties) = preSolution
		HideSolutionNode = FALSE
	EndGlobalSection
EndGlobal
